
Microsoft Visual Studio Solution File, Format Version 12.00
# Visual Studio Version 16
VisualStudioVersion = 16.0.30804.86
MinimumVisualStudioVersion = 10.0.40219.1
Project("{9A19103F-16F7-4668-BE54-9A1E7A4F7556}") = "sms-simulator", "sms-simulator.csproj", "{0D9F3B82-8456-42AC-98DB-AD7058A2B5C3}"
EndProject
Global
	GlobalSection(SolutionConfigurationPlatforms) = preSolution
		Debug|Any CPU = Debug|Any CPU
		Release|Any CPU = Release|Any CPU
	EndGlobalSection
	GlobalSection(ProjectConfigurationPlatforms) = postSolution
		{0D9F3B82-8456-42AC-98DB-AD7058A2B5C3}.Debug|Any CPU.ActiveCfg = Debug|Any CPU
		{0D9F3B82-8456-42AC-98DB-AD7058A2B5C3}.Debug|Any CPU.Build.0 = Debug|Any CPU
		{0D9F3B82-8456-42AC-98DB-AD7058A2B5C3}.Release|Any CPU.ActiveCfg = Release|Any CPU
		{0D9F3B82-8456-42AC-98DB-AD7058A2B5C3}.Release|Any CPU.Build.0 = Release|Any CPU
	EndGlobalSection
	GlobalSection(SolutionProperties) = preSolution
		HideSolutionNode = FALSE
	EndGlobalSection
	GlobalSection(ExtensibilityGlobals) = postSolution
		SolutionGuid = {A9D8DC9D-B67A-4D03-823B-BFB63836A7DC}
	EndGlobalSection
EndGlobal
